
Microsoft Visual Studio Solution File, Format Version 12.00
# Visual Studio Version 16
VisualStudioVersion = 16.0.30804.86
MinimumVisualStudioVersion = 10.0.40219.1
Project("{FAE04EC0-301F-11D3-BF4B-00C04F79EFBC}") = "WASM.Web", "WASM.Web\WASM.Web.csproj", "{528E4545-8553-44B2-B024-CAF8DBC85DC3}"
EndProject
Project("{FAE04EC0-301F-11D3-BF4B-00C04F79EFBC}") = "WASM.Blazor", "WASM.Blazor\WASM.Blazor.csproj", "{3186D87C-42E5-4687-A45F-87074C05DF95}"
EndProject
Project("{FAE04EC0-301F-11D3-BF4B-00C04F79EFBC}") = "WASM.Lib", "WASM.Lib\WASM.Lib.csproj", "{D0341B70-292C-4361-AEDB-D44D27526F55}"
EndProject
Global
	GlobalSection(SolutionConfigurationPlatforms) = preSolution
		Debug|Any CPU = Debug|Any CPU
		Release|Any CPU = Release|Any CPU
	EndGlobalSection
	GlobalSection(ProjectConfigurationPlatforms) = postSolution
		{528E4545-8553-44B2-B024-CAF8DBC85DC3}.Debug|Any CPU.ActiveCfg = Debug|Any CPU
		{528E4545-8553-44B2-B024-CAF8DBC85DC3}.Debug|Any CPU.Build.0 = Debug|Any CPU
		{528E4545-8553-44B2-B024-CAF8DBC85DC3}.Release|Any CPU.ActiveCfg = Release|Any CPU
		{528E4545-8553-44B2-B024-CAF8DBC85DC3}.Release|Any CPU.Build.0 = Release|Any CPU
		{3186D87C-42E5-4687-A45F-87074C05DF95}.Debug|Any CPU.ActiveCfg = Debug|Any CPU
		{3186D87C-42E5-4687-A45F-87074C05DF95}.Debug|Any CPU.Build.0 = Debug|Any CPU
		{3186D87C-42E5-4687-A45F-87074C05DF95}.Release|Any CPU.ActiveCfg = Release|Any CPU
		{3186D87C-42E5-4687-A45F-87074C05DF95}.Release|Any CPU.Build.0 = Release|Any CPU
		{D0341B70-292C-4361-AEDB-D44D27526F55}.Debug|Any CPU.ActiveCfg = Debug|Any CPU
		{D0341B70-292C-4361-AEDB-D44D27526F55}.Debug|Any CPU.Build.0 = Debug|Any CPU
		{D0341B70-292C-4361-AEDB-D44D27526F55}.Release|Any CPU.ActiveCfg = Release|Any CPU
		{D0341B70-292C-4361-AEDB-D44D27526F55}.Release|Any CPU.Build.0 = Release|Any CPU
	EndGlobalSection
	GlobalSection(SolutionProperties) = preSolution
		HideSolutionNode = FALSE
	EndGlobalSection
	GlobalSection(ExtensibilityGlobals) = postSolution
		SolutionGuid = {EF9E73AC-087E-4C3D-B5CF-69C26EFA2274}
	EndGlobalSection
EndGlobal
